
Microsoft Visual Studio Solution File, Format Version 12.00
# Visual Studio Version 17
VisualStudioVersion = 17.12.35514.174 d17.12
MinimumVisualStudioVersion = 10.0.40219.1
Project("{FAE04EC0-301F-11D3-BF4B-00C04F79EFBC}") = "Client", "Client\Client.csproj", "{E107FC76-C1A1-4F42-83BB-3E3B03A36716}"
EndProject
Project("{FAE04EC0-301F-11D3-BF4B-00C04F79EFBC}") = "Server", "Server\Server.csproj", "{15CD5942-2017-438E-AF74-4B320175879E}"
EndProject
Project("{FAE04EC0-301F-11D3-BF4B-00C04F79EFBC}") = "ServerData", "ServerData\ServerData.csproj", "{1E7684DC-5232-48E3-9FA0-384C0FC59DAF}"
EndProject
Global
	GlobalSection(SolutionConfigurationPlatforms) = preSolution
		Debug|Any CPU = Debug|Any CPU
		Release|Any CPU = Release|Any CPU
	EndGlobalSection
	GlobalSection(ProjectConfigurationPlatforms) = postSolution
		{E107FC76-C1A1-4F42-83BB-3E3B03A36716}.Debug|Any CPU.ActiveCfg = Debug|Any CPU
		{E107FC76-C1A1-4F42-83BB-3E3B03A36716}.Debug|Any CPU.Build.0 = Debug|Any CPU
		{E107FC76-C1A1-4F42-83BB-3E3B03A36716}.Release|Any CPU.ActiveCfg = Release|Any CPU
		{E107FC76-C1A1-4F42-83BB-3E3B03A36716}.Release|Any CPU.Build.0 = Release|Any CPU
		{15CD5942-2017-438E-AF74-4B320175879E}.Debug|Any CPU.ActiveCfg = Debug|Any CPU
		{15CD5942-2017-438E-AF74-4B320175879E}.Debug|Any CPU.Build.0 = Debug|Any CPU
		{15CD5942-2017-438E-AF74-4B320175879E}.Release|Any CPU.ActiveCfg = Release|Any CPU
		{15CD5942-2017-438E-AF74-4B320175879E}.Release|Any CPU.Build.0 = Release|Any CPU
		{1E7684DC-5232-48E3-9FA0-384C0FC59DAF}.Debug|Any CPU.ActiveCfg = Debug|Any CPU
		{1E7684DC-5232-48E3-9FA0-384C0FC59DAF}.Debug|Any CPU.Build.0 = Debug|Any CPU
		{1E7684DC-5232-48E3-9FA0-384C0FC59DAF}.Release|Any CPU.ActiveCfg = Release|Any CPU
		{1E7684DC-5232-48E3-9FA0-384C0FC59DAF}.Release|Any CPU.Build.0 = Release|Any CPU
	EndGlobalSection
	GlobalSection(SolutionProperties) = preSolution
		HideSolutionNode = FALSE
	EndGlobalSection
EndGlobal
